
Microsoft Visual Studio Solution File, Format Version 12.00
# Visual Studio 15
VisualStudioVersion = 15.0.26403.7
MinimumVisualStudioVersion = 10.0.40219.1
Project("{FAE04EC0-301F-11D3-BF4B-00C04F79EFBC}") = "MrSnack", "MrSnack.csproj", "{324885FB-E250-457B-9F58-E16C55153CB3}"
EndProject
Project("{FAE04EC0-301F-11D3-BF4B-00C04F79EFBC}") = "MrSnack.UnitTestProject", "..\MrSnack.UnitTestProject\MrSnack.UnitTestProject.csproj", "{527D87FF-C353-4300-AC6F-A19754EB2590}"
EndProject
Global
	GlobalSection(SolutionConfigurationPlatforms) = preSolution
		Debug|Any CPU = Debug|Any CPU
		Release|Any CPU = Release|Any CPU
	EndGlobalSection
	GlobalSection(ProjectConfigurationPlatforms) = postSolution
		{324885FB-E250-457B-9F58-E16C55153CB3}.Debug|Any CPU.ActiveCfg = Debug|Any CPU
		{324885FB-E250-457B-9F58-E16C55153CB3}.Debug|Any CPU.Build.0 = Debug|Any CPU
		{324885FB-E250-457B-9F58-E16C55153CB3}.Release|Any CPU.ActiveCfg = Release|Any CPU
		{324885FB-E250-457B-9F58-E16C55153CB3}.Release|Any CPU.Build.0 = Release|Any CPU
		{527D87FF-C353-4300-AC6F-A19754EB2590}.Debug|Any CPU.ActiveCfg = Debug|Any CPU
		{527D87FF-C353-4300-AC6F-A19754EB2590}.Debug|Any CPU.Build.0 = Debug|Any CPU
		{527D87FF-C353-4300-AC6F-A19754EB2590}.Release|Any CPU.ActiveCfg = Release|Any CPU
		{527D87FF-C353-4300-AC6F-A19754EB2590}.Release|Any CPU.Build.0 = Release|Any CPU
	EndGlobalSection
	GlobalSection(SolutionProperties) = preSolution
		HideSolutionNode = FALSE
	EndGlobalSection
EndGlobal
